
Microsoft Visual Studio Solution File, Format Version 12.00
# Visual Studio Version 17
VisualStudioVersion = 17.11.35303.130
MinimumVisualStudioVersion = 10.0.40219.1
Project("{FAE04EC0-301F-11D3-BF4B-00C04F79EFBC}") = "WpfApp4", "WpfApp4\WpfApp4.csproj", "{C30698E5-6548-4BF1-B89A-AC8FF49684BB}"
EndProject
Global
	GlobalSection(SolutionConfigurationPlatforms) = preSolution
		Debug|Any CPU = Debug|Any CPU
		Release|Any CPU = Release|Any CPU
	EndGlobalSection
	GlobalSection(ProjectConfigurationPlatforms) = postSolution
		{C30698E5-6548-4BF1-B89A-AC8FF49684BB}.Debug|Any CPU.ActiveCfg = Debug|Any CPU
		{C30698E5-6548-4BF1-B89A-AC8FF49684BB}.Debug|Any CPU.Build.0 = Debug|Any CPU
		{C30698E5-6548-4BF1-B89A-AC8FF49684BB}.Release|Any CPU.ActiveCfg = Release|Any CPU
		{C30698E5-6548-4BF1-B89A-AC8FF49684BB}.Release|Any CPU.Build.0 = Release|Any CPU
	EndGlobalSection
	GlobalSection(SolutionProperties) = preSolution
		HideSolutionNode = FALSE
	EndGlobalSection
	GlobalSection(ExtensibilityGlobals) = postSolution
		SolutionGuid = {F0B5F582-4FAF-42AB-A7F7-59E0AFD4F2E2}
	EndGlobalSection
EndGlobal
